
Microsoft Visual Studio Solution File, Format Version 12.00
# Visual Studio Version 17
VisualStudioVersion = 17.8.34601.278
MinimumVisualStudioVersion = 10.0.40219.1
Project("{9A19103F-16F7-4668-BE54-9A1E7A4F7556}") = "Bank", "Bank\Bank.csproj", "{F2A60B6E-03B2-4792-8EEB-04633B6D0170}"
EndProject
Project("{FAE04EC0-301F-11D3-BF4B-00C04F79EFBC}") = "BankTests", "BankTests\BankTests.csproj", "{078032AA-6F34-4687-BECD-A48F65EE9850}"
EndProject
Global
	GlobalSection(SolutionConfigurationPlatforms) = preSolution
		Debug|Any CPU = Debug|Any CPU
		Release|Any CPU = Release|Any CPU
	EndGlobalSection
	GlobalSection(ProjectConfigurationPlatforms) = postSolution
		{F2A60B6E-03B2-4792-8EEB-04633B6D0170}.Debug|Any CPU.ActiveCfg = Debug|Any CPU
		{F2A60B6E-03B2-4792-8EEB-04633B6D0170}.Debug|Any CPU.Build.0 = Debug|Any CPU
		{F2A60B6E-03B2-4792-8EEB-04633B6D0170}.Release|Any CPU.ActiveCfg = Release|Any CPU
		{F2A60B6E-03B2-4792-8EEB-04633B6D0170}.Release|Any CPU.Build.0 = Release|Any CPU
		{078032AA-6F34-4687-BECD-A48F65EE9850}.Debug|Any CPU.ActiveCfg = Debug|Any CPU
		{078032AA-6F34-4687-BECD-A48F65EE9850}.Debug|Any CPU.Build.0 = Debug|Any CPU
		{078032AA-6F34-4687-BECD-A48F65EE9850}.Release|Any CPU.ActiveCfg = Release|Any CPU
		{078032AA-6F34-4687-BECD-A48F65EE9850}.Release|Any CPU.Build.0 = Release|Any CPU
	EndGlobalSection
	GlobalSection(SolutionProperties) = preSolution
		HideSolutionNode = FALSE
	EndGlobalSection
	GlobalSection(ExtensibilityGlobals) = postSolution
		SolutionGuid = {49636807-F8DC-4EA2-BAE8-107F17E53617}
	EndGlobalSection
EndGlobal
